
Microsoft Visual Studio Solution File, Format Version 12.00
# Visual Studio Version 16
VisualStudioVersion = 16.0.29709.97
MinimumVisualStudioVersion = 10.0.40219.1
Project("{9092AA53-FB77-4645-B42D-1CCCA6BD08BD}") = "Personal_portfolio", "Personal_portfolio\Personal_portfolio.njsproj", "{A7C51AC4-96D0-4A2C-8BE5-93AF5AE0E9E5}"
EndProject
Global
	GlobalSection(SolutionConfigurationPlatforms) = preSolution
		Debug|Any CPU = Debug|Any CPU
		Release|Any CPU = Release|Any CPU
	EndGlobalSection
	GlobalSection(ProjectConfigurationPlatforms) = postSolution
		{A7C51AC4-96D0-4A2C-8BE5-93AF5AE0E9E5}.Debug|Any CPU.ActiveCfg = Debug|Any CPU
		{A7C51AC4-96D0-4A2C-8BE5-93AF5AE0E9E5}.Debug|Any CPU.Build.0 = Debug|Any CPU
		{A7C51AC4-96D0-4A2C-8BE5-93AF5AE0E9E5}.Release|Any CPU.ActiveCfg = Release|Any CPU
		{A7C51AC4-96D0-4A2C-8BE5-93AF5AE0E9E5}.Release|Any CPU.Build.0 = Release|Any CPU
	EndGlobalSection
	GlobalSection(SolutionProperties) = preSolution
		HideSolutionNode = FALSE
	EndGlobalSection
	GlobalSection(ExtensibilityGlobals) = postSolution
		SolutionGuid = {B0300161-7AB5-4371-837B-2FBBCE19C581}
	EndGlobalSection
EndGlobal
